// !$*UTF8*$!
{
	archiveVersion = 1;
	classes = {
	};
	objectVersion = 55;
	objects = {

/* Begin PBXBuildFile section */
		C6503C4228F0385B00ACE5F7 /* User.swift in Sources */ = {isa = PBXBuildFile; fileRef = C6503C4128F0385B00ACE5F7 /* User.swift */; };
		C68F4776284B1DE200C598BD /* AppDelegate.swift in Sources */ = {isa = PBXBuildFile; fileRef = C68F4775284B1DE200C598BD /* AppDelegate.swift */; };
		C68F4778284B1DE200C598BD /* SceneDelegate.swift in Sources */ = {isa = PBXBuildFile; fileRef = C68F4777284B1DE200C598BD /* SceneDelegate.swift */; };
		C68F477A284B1DE200C598BD /* LoginViewController.swift in Sources */ = {isa = PBXBuildFile; fileRef = C68F4779284B1DE200C598BD /* LoginViewController.swift */; };
		C68F477D284B1DE200C598BD /* Main.storyboard in Resources */ = {isa = PBXBuildFile; fileRef = C68F477B284B1DE200C598BD /* Main.storyboard */; };
		C68F477F284B1DE200C598BD /* Assets.xcassets in Resources */ = {isa = PBXBuildFile; fileRef = C68F477E284B1DE200C598BD /* Assets.xcassets */; };
		C68F4782284B1DE200C598BD /* LaunchScreen.storyboard in Resources */ = {isa = PBXBuildFile; fileRef = C68F4780284B1DE200C598BD /* LaunchScreen.storyboard */; };
		C68F478A284B2A3700C598BD /* WelcomeViewController.swift in Sources */ = {isa = PBXBuildFile; fileRef = C68F4789284B2A3700C598BD /* WelcomeViewController.swift */; };
/* End PBXBuildFile section */

/* Begin PBXFileReference section */
		C6503C4128F0385B00ACE5F7 /* User.swift */ = {isa = PBXFileReference; lastKnownFileType = sourcecode.swift; path = User.swift; sourceTree = "<group>"; };
		C68F4772284B1DE200C598BD /* TwoScreensApp.app */ = {isa = PBXFileReference; explicitFileType = wrapper.application; includeInIndex = 0; path = TwoScreensApp.app; sourceTree = BUILT_PRODUCTS_DIR; };
		C68F4775284B1DE200C598BD /* AppDelegate.swift */ = {isa = PBXFileReference; lastKnownFileType = sourcecode.swift; path = AppDelegate.swift; sourceTree = "<group>"; };
		C68F4777284B1DE200C598BD /* SceneDelegate.swift */ = {isa = PBXFileReference; lastKnownFileType = sourcecode.swift; path = SceneDelegate.swift; sourceTree = "<group>"; };
		C68F4779284B1DE200C598BD /* LoginViewController.swift */ = {isa = PBXFileReference; lastKnownFileType = sourcecode.swift; path = LoginViewController.swift; sourceTree = "<group>"; };
		C68F477C284B1DE200C598BD /* Base */ = {isa = PBXFileReference; lastKnownFileType = file.storyboard; name = Base; path = Base.lproj/Main.storyboard; sourceTree = "<group>"; };
		C68F477E284B1DE200C598BD /* Assets.xcassets */ = {isa = PBXFileReference; lastKnownFileType = folder.assetcatalog; path = Assets.xcassets; sourceTree = "<group>"; };
		C68F4781284B1DE200C598BD /* Base */ = {isa = PBXFileReference; lastKnownFileType = file.storyboard; name = Base; path = Base.lproj/LaunchScreen.storyboard; sourceTree = "<group>"; };
		C68F4783284B1DE200C598BD /* Info.plist */ = {isa = PBXFileReference; lastKnownFileType = text.plist.xml; path = Info.plist; sourceTree = "<group>"; };
		C68F4789284B2A3700C598BD /* WelcomeViewController.swift */ = {isa = PBXFileReference; lastKnownFileType = sourcecode.swift; path = WelcomeViewController.swift; sourceTree = "<group>"; };
/* End PBXFileReference section */

/* Begin PBXFrameworksBuildPhase section */
		C68F476F284B1DE200C598BD /* Frameworks */ = {
			isa = PBXFrameworksBuildPhase;
			buildActionMask = 2147483647;
			files = (
			);
			runOnlyForDeploymentPostprocessing = 0;
		};
/* End PBXFrameworksBuildPhase section */

/* Begin PBXGroup section */
		C6503C3C28F0359400ACE5F7 /* Storyboards */ = {
			isa = PBXGroup;
			children = (
				C68F477B284B1DE200C598BD /* Main.storyboard */,
				C68F4780284B1DE200C598BD /* LaunchScreen.storyboard */,
			);
			path = Storyboards;
			sourceTree = "<group>";
		};
		C6503C3D28F035A600ACE5F7 /* ViewControllers */ = {
			isa = PBXGroup;
			children = (
				C68F4779284B1DE200C598BD /* LoginViewController.swift */,
				C68F4789284B2A3700C598BD /* WelcomeViewController.swift */,
			);
			path = ViewControllers;
			sourceTree = "<group>";
		};
		C6503C3E28F035C800ACE5F7 /* App */ = {
			isa = PBXGroup;
			children = (
				C68F4775284B1DE200C598BD /* AppDelegate.swift */,
				C68F4777284B1DE200C598BD /* SceneDelegate.swift */,
				C68F4783284B1DE200C598BD /* Info.plist */,
			);
			path = App;
			sourceTree = "<group>";
		};
		C6503C3F28F035E000ACE5F7 /* Resources */ = {
			isa = PBXGroup;
			children = (
				C68F477E284B1DE200C598BD /* Assets.xcassets */,
			);
			path = Resources;
			sourceTree = "<group>";
		};
		C6503C4028F036E400ACE5F7 /* Models */ = {
			isa = PBXGroup;
			children = (
				C6503C4128F0385B00ACE5F7 /* User.swift */,
			);
			path = Models;
			sourceTree = "<group>";
		};
		C68F4769284B1DE200C598BD = {
			isa = PBXGroup;
			children = (
				C68F4774284B1DE200C598BD /* TwoScreensApp */,
				C68F4773284B1DE200C598BD /* Products */,
			);
			sourceTree = "<group>";
		};
		C68F4773284B1DE200C598BD /* Products */ = {
			isa = PBXGroup;
			children = (
				C68F4772284B1DE200C598BD /* TwoScreensApp.app */,
			);
			name = Products;
			sourceTree = "<group>";
		};
		C68F4774284B1DE200C598BD /* TwoScreensApp */ = {
			isa = PBXGroup;
			children = (
				C6503C3E28F035C800ACE5F7 /* App */,
				C6503C3D28F035A600ACE5F7 /* ViewControllers */,
				C6503C4028F036E400ACE5F7 /* Models */,
				C6503C3C28F0359400ACE5F7 /* Storyboards */,
				C6503C3F28F035E000ACE5F7 /* Resources */,
			);
			path = TwoScreensApp;
			sourceTree = "<group>";
		};
/* End PBXGroup section */

/* Begin PBXNativeTarget section */
		C68F4771284B1DE200C598BD /* TwoScreensApp */ = {
			isa = PBXNativeTarget;
			buildConfigurationList = C68F4786284B1DE200C598BD /* Build configuration list for PBXNativeTarget "TwoScreensApp" */;
			buildPhases = (
				C68F476E284B1DE200C598BD /* Sources */,
				C68F476F284B1DE200C598BD /* Frameworks */,
				C68F4770284B1DE200C598BD /* Resources */,
			);
			buildRules = (
			);
			dependencies = (
			);
			name = TwoScreensApp;
			productName = TwoScreensApp;
			productReference = C68F4772284B1DE200C598BD /* TwoScreensApp.app */;
			productType = "com.apple.product-type.application";
		};
/* End PBXNativeTarget section */

/* Begin PBXProject section */
		C68F476A284B1DE200C598BD /* Project object */ = {
			isa = PBXProject;
			attributes = {
				BuildIndependentTargetsInParallel = 1;
				LastSwiftUpdateCheck = 1330;
				LastUpgradeCheck = 1330;
				TargetAttributes = {
					C68F4771284B1DE200C598BD = {
						CreatedOnToolsVersion = 13.3.1;
					};
				};
			};
			buildConfigurationList = C68F476D284B1DE200C598BD /* Build configuration list for PBXProject "TwoScreensApp" */;
			compatibilityVersion = "Xcode 13.0";
			developmentRegion = en;
			hasScannedForEncodings = 0;
			knownRegions = (
				en,
				Base,
			);
			mainGroup = C68F4769284B1DE200C598BD;
			productRefGroup = C68F4773284B1DE200C598BD /* Products */;
			projectDirPath = "";
			projectRoot = "";
			targets = (
				C68F4771284B1DE200C598BD /* TwoScreensApp */,
			);
		};
/* End PBXProject section */

/* Begin PBXResourcesBuildPhase section */
		C68F4770284B1DE200C598BD /* Resources */ = {
			isa = PBXResourcesBuildPhase;
			buildActionMask = 2147483647;
			files = (
				C68F4782284B1DE200C598BD /* LaunchScreen.storyboard in Resources */,
				C68F477F284B1DE200C598BD /* Assets.xcassets in Resources */,
				C68F477D284B1DE200C598BD /* Main.storyboard in Resources */,
			);
			runOnlyForDeploymentPostprocessing = 0;
		};
/* End PBXResourcesBuildPhase section */

/* Begin PBXSourcesBuildPhase section */
		C68F476E284B1DE200C598BD /* Sources */ = {
			isa = PBXSourcesBuildPhase;
			buildActionMask = 2147483647;
			files = (
				C68F477A284B1DE200C598BD /* LoginViewController.swift in Sources */,
				C68F478A284B2A3700C598BD /* WelcomeViewController.swift in Sources */,
				C68F4776284B1DE200C598BD /* AppDelegate.swift in Sources */,
				C6503C4228F0385B00ACE5F7 /* User.swift in Sources */,
				C68F4778284B1DE200C598BD /* SceneDelegate.swift in Sources */,
			);
			runOnlyForDeploymentPostprocessing = 0;
		};
/* End PBXSourcesBuildPhase section */

/* Begin PBXVariantGroup section */
		C68F477B284B1DE200C598BD /* Main.storyboard */ = {
			isa = PBXVariantGroup;
			children = (
				C68F477C284B1DE200C598BD /* Base */,
			);
			name = Main.storyboard;
			sourceTree = "<group>";
		};
		C68F4780284B1DE200C598BD /* LaunchScreen.storyboard */ = {
			isa = PBXVariantGroup;
			children = (
				C68F4781284B1DE200C598BD /* Base */,
			);
			name = LaunchScreen.storyboard;
			sourceTree = "<group>";
		};
/* End PBXVariantGroup section */

/* Begin XCBuildConfiguration section */
		C68F4784284B1DE200C598BD /* Debug */ = {
			isa = XCBuildConfiguration;
			buildSettings = {
				ALWAYS_SEARCH_USER_PATHS = NO;
				CLANG_ANALYZER_NONNULL = YES;
				CLANG_ANALYZER_NUMBER_OBJECT_CONVERSION = YES_AGGRESSIVE;
				CLANG_CXX_LANGUAGE_STANDARD = "gnu++17";
				CLANG_ENABLE_MODULES = YES;
				CLANG_ENABLE_OBJC_ARC = YES;
				CLANG_ENABLE_OBJC_WEAK = YES;
				CLANG_WARN_BLOCK_CAPTURE_AUTORELEASING = YES;
				CLANG_WARN_BOOL_CONVERSION = YES;
				CLANG_WARN_COMMA = YES;
				CLANG_WARN_CONSTANT_CONVERSION = YES;
				CLANG_WARN_DEPRECATED_OBJC_IMPLEMENTATIONS = YES;
				CLANG_WARN_DIRECT_OBJC_ISA_USAGE = YES_ERROR;
				CLANG_WARN_DOCUMENTATION_COMMENTS = YES;
				CLANG_WARN_EMPTY_BODY = YES;
				CLANG_WARN_ENUM_CONVERSION = YES;
				CLANG_WARN_INFINITE_RECURSION = YES;
				CLANG_WARN_INT_CONVERSION = YES;
				CLANG_WARN_NON_LITERAL_NULL_CONVERSION = YES;
				CLANG_WARN_OBJC_IMPLICIT_RETAIN_SELF = YES;
				CLANG_WARN_OBJC_LITERAL_CONVERSION = YES;
				CLANG_WARN_OBJC_ROOT_CLASS = YES_ERROR;
				CLANG_WARN_QUOTED_INCLUDE_IN_FRAMEWORK_HEADER = YES;
				CLANG_WARN_RANGE_LOOP_ANALYSIS = YES;
				CLANG_WARN_STRICT_PROTOTYPES = YES;
				CLANG_WARN_SUSPICIOUS_MOVE = YES;
				CLANG_WARN_UNGUARDED_AVAILABILITY = YES_AGGRESSIVE;
				CLANG_WARN_UNREACHABLE_CODE = YES;
				CLANG_WARN__DUPLICATE_METHOD_MATCH = YES;
				COPY_PHASE_STRIP = NO;
				DEBUG_INFORMATION_FORMAT = dwarf;
				ENABLE_STRICT_OBJC_MSGSEND = YES;
				ENABLE_TESTABILITY = YES;
				GCC_C_LANGUAGE_STANDARD = gnu11;
				GCC_DYNAMIC_NO_PIC = NO;
				GCC_NO_COMMON_BLOCKS = YES;
				GCC_OPTIMIZATION_LEVEL = 0;
				GCC_PREPROCESSOR_DEFINITIONS = (
					"DEBUG=1",
					"$(inherited)",
				);
				GCC_WARN_64_TO_32_BIT_CONVERSION = YES;
				GCC_WARN_ABOUT_RETURN_TYPE = YES_ERROR;
				GCC_WARN_UNDECLARED_SELECTOR = YES;
				GCC_WARN_UNINITIALIZED_AUTOS = YES_AGGRESSIVE;
				GCC_WARN_UNUSED_FUNCTION = YES;
				GCC_WARN_UNUSED_VARIABLE = YES;
				IPHONEOS_DEPLOYMENT_TARGET = 15.4;
				MTL_ENABLE_DEBUG_INFO = INCLUDE_SOURCE;
				MTL_FAST_MATH = YES;
				ONLY_ACTIVE_ARCH = YES;
				SDKROOT = iphoneos;
				SWIFT_ACTIVE_COMPILATION_CONDITIONS = DEBUG;
				SWIFT_OPTIMIZATION_LEVEL = "-Onone";
			};
			name = Debug;
		};
		C68F4785284B1DE200C598BD /* Release */ = {
			isa = XCBuildConfiguration;
			buildSettings = {
				ALWAYS_SEARCH_USER_PATHS = NO;
				CLANG_ANALYZER_NONNULL = YES;
				CLANG_ANALYZER_NUMBER_OBJECT_CONVERSION = YES_AGGRESSIVE;
				CLANG_CXX_LANGUAGE_STANDARD = "gnu++17";
				CLANG_ENABLE_MODULES = YES;
				CLANG_ENABLE_OBJC_ARC = YES;
				CLANG_ENABLE_OBJC_WEAK = YES;
				CLANG_WARN_BLOCK_CAPTURE_AUTORELEASING = YES;
				CLANG_WARN_BOOL_CONVERSION = YES;
				CLANG_WARN_COMMA = YES;
				CLANG_WARN_CONSTANT_CONVERSION = YES;
				CLANG_WARN_DEPRECATED_OBJC_IMPLEMENTATIONS = YES;
				CLANG_WARN_DIRECT_OBJC_ISA_USAGE = YES_ERROR;
				CLANG_WARN_DOCUMENTATION_COMMENTS = YES;
				CLANG_WARN_EMPTY_BODY = YES;
				CLANG_WARN_ENUM_CONVERSION = YES;
				CLANG_WARN_INFINITE_RECURSION = YES;
				CLANG_WARN_INT_CONVERSION = YES;
				CLANG_WARN_NON_LITERAL_NULL_CONVERSION = YES;
				CLANG_WARN_OBJC_IMPLICIT_RETAIN_SELF = YES;
				CLANG_WARN_OBJC_LITERAL_CONVERSION = YES;
				CLANG_WARN_OBJC_ROOT_CLASS = YES_ERROR;
				CLANG_WARN_QUOTED_INCLUDE_IN_FRAMEWORK_HEADER = YES;
				CLANG_WARN_RANGE_LOOP_ANALYSIS = YES;
				CLANG_WARN_STRICT_PROTOTYPES = YES;
				CLANG_WARN_SUSPICIOUS_MOVE = YES;
				CLANG_WARN_UNGUARDED_AVAILABILITY = YES_AGGRESSIVE;
				CLANG_WARN_UNREACHABLE_CODE = YES;
				CLANG_WARN__DUPLICATE_METHOD_MATCH = YES;
				COPY_PHASE_STRIP = NO;
				DEBUG_INFORMATION_FORMAT = "dwarf-with-dsym";
				ENABLE_NS_ASSERTIONS = NO;
				ENABLE_STRICT_OBJC_MSGSEND = YES;
				GCC_C_LANGUAGE_STANDARD = gnu11;
				GCC_NO_COMMON_BLOCKS = YES;
				GCC_WARN_64_TO_32_BIT_CONVERSION = YES;
				GCC_WARN_ABOUT_RETURN_TYPE = YES_ERROR;
				GCC_WARN_UNDECLARED_SELECTOR = YES;
				GCC_WARN_UNINITIALIZED_AUTOS = YES_AGGRESSIVE;
				GCC_WARN_UNUSED_FUNCTION = YES;
				GCC_WARN_UNUSED_VARIABLE = YES;
				IPHONEOS_DEPLOYMENT_TARGET = 15.4;
				MTL_ENABLE_DEBUG_INFO = NO;
				MTL_FAST_MATH = YES;
				SDKROOT = iphoneos;
				SWIFT_COMPILATION_MODE = wholemodule;
				SWIFT_OPTIMIZATION_LEVEL = "-O";
				VALIDATE_PRODUCT = YES;
			};
			name = Release;
		};
		C68F4787284B1DE200C598BD /* Debug */ = {
			isa = XCBuildConfiguration;
			buildSettings = {
				ASSETCATALOG_COMPILER_APPICON_NAME = AppIcon;
				ASSETCATALOG_COMPILER_GLOBAL_ACCENT_COLOR_NAME = AccentColor;
				CODE_SIGN_STYLE = Automatic;
				CURRENT_PROJECT_VERSION = 1;
				DEVELOPMENT_TEAM = 69V4U5XTH4;
				GENERATE_INFOPLIST_FILE = YES;
				INFOPLIST_FILE = TwoScreensApp/App/Info.plist;
				INFOPLIST_KEY_UIApplicationSupportsIndirectInputEvents = YES;
				INFOPLIST_KEY_UILaunchStoryboardName = LaunchScreen;
				INFOPLIST_KEY_UIMainStoryboardFile = Main;
				INFOPLIST_KEY_UISupportedInterfaceOrientations = UIInterfaceOrientationPortrait;
				INFOPLIST_KEY_UISupportedInterfaceOrientations_iPad = "UIInterfaceOrientationPortrait UIInterfaceOrientationPortraitUpsideDown UIInterfaceOrientationLandscapeLeft UIInterfaceOrientationLandscapeRight";
				INFOPLIST_KEY_UISupportedInterfaceOrientations_iPhone = "UIInterfaceOrientationPortrait UIInterfaceOrientationLandscapeLeft UIInterfaceOrientationLandscapeRight";
				LD_RUNPATH_SEARCH_PATHS = (
					"$(inherited)",
					"@executable_path/Frameworks",
				);
				MARKETING_VERSION = 1.0;
				PRODUCT_BUNDLE_IDENTIFIER = ru.rosekhaldeeva.TwoScreensApp;
				PRODUCT_NAME = "$(TARGET_NAME)";
				SWIFT_EMIT_LOC_STRINGS = YES;
				SWIFT_VERSION = 5.0;
				TARGETED_DEVICE_FAMILY = 1;
			};
			name = Debug;
		};
		C68F4788284B1DE200C598BD /* Release */ = {
			isa = XCBuildConfiguration;
			buildSettings = {
				ASSETCATALOG_COMPILER_APPICON_NAME = AppIcon;
				ASSETCATALOG_COMPILER_GLOBAL_ACCENT_COLOR_NAME = AccentColor;
				CODE_SIGN_STYLE = Automatic;
				CURRENT_PROJECT_VERSION = 1;
				DEVELOPMENT_TEAM = 69V4U5XTH4;
				GENERATE_INFOPLIST_FILE = YES;
				INFOPLIST_FILE = TwoScreensApp/App/Info.plist;
				INFOPLIST_KEY_UIApplicationSupportsIndirectInputEvents = YES;
				INFOPLIST_KEY_UILaunchStoryboardName = LaunchScreen;
				INFOPLIST_KEY_UIMainStoryboardFile = Main;
				INFOPLIST_KEY_UISupportedInterfaceOrientations = UIInterfaceOrientationPortrait;
				INFOPLIST_KEY_UISupportedInterfaceOrientations_iPad = "UIInterfaceOrientationPortrait UIInterfaceOrientationPortraitUpsideDown UIInterfaceOrientationLandscapeLeft UIInterfaceOrientationLandscapeRight";
				INFOPLIST_KEY_UISupportedInterfaceOrientations_iPhone = "UIInterfaceOrientationPortrait UIInterfaceOrientationLandscapeLeft UIInterfaceOrientationLandscapeRight";
				LD_RUNPATH_SEARCH_PATHS = (
					"$(inherited)",
					"@executable_path/Frameworks",
				);
				MARKETING_VERSION = 1.0;
				PRODUCT_BUNDLE_IDENTIFIER = ru.rosekhaldeeva.TwoScreensApp;
				PRODUCT_NAME = "$(TARGET_NAME)";
				SWIFT_EMIT_LOC_STRINGS = YES;
				SWIFT_VERSION = 5.0;
				TARGETED_DEVICE_FAMILY = 1;
			};
			name = Release;
		};
/* End XCBuildConfiguration section */

/* Begin XCConfigurationList section */
		C68F476D284B1DE200C598BD /* Build configuration list for PBXProject "TwoScreensApp" */ = {
			isa = XCConfigurationList;
			buildConfigurations = (
				C68F4784284B1DE200C598BD /* Debug */,
				C68F4785284B1DE200C598BD /* Release */,
			);
			defaultConfigurationIsVisible = 0;
			defaultConfigurationName = Release;
		};
		C68F4786284B1DE200C598BD /* Build configuration list for PBXNativeTarget "TwoScreensApp" */ = {
			isa = XCConfigurationList;
			buildConfigurations = (
				C68F4787284B1DE200C598BD /* Debug */,
				C68F4788284B1DE200C598BD /* Release */,
			);
			defaultConfigurationIsVisible = 0;
			defaultConfigurationName = Release;
		};
/* End XCConfigurationList section */
	};
	rootObject = C68F476A284B1DE200C598BD /* Project object */;
}
